
Microsoft Visual Studio Solution File, Format Version 12.00
# Visual Studio Version 17
VisualStudioVersion = 17.5.002.0
MinimumVisualStudioVersion = 10.0.40219.1
Project("{9A19103F-16F7-4668-BE54-9A1E7A4F7556}") = "Progammering-OOP-prov-", "Progammering-OOP-prov-.csproj", "{4C019BAA-144B-4358-8856-271CDD0C83BD}"
EndProject
Global
	GlobalSection(SolutionConfigurationPlatforms) = preSolution
		Debug|Any CPU = Debug|Any CPU
		Release|Any CPU = Release|Any CPU
	EndGlobalSection
	GlobalSection(ProjectConfigurationPlatforms) = postSolution
		{4C019BAA-144B-4358-8856-271CDD0C83BD}.Debug|Any CPU.ActiveCfg = Debug|Any CPU
		{4C019BAA-144B-4358-8856-271CDD0C83BD}.Debug|Any CPU.Build.0 = Debug|Any CPU
		{4C019BAA-144B-4358-8856-271CDD0C83BD}.Release|Any CPU.ActiveCfg = Release|Any CPU
		{4C019BAA-144B-4358-8856-271CDD0C83BD}.Release|Any CPU.Build.0 = Release|Any CPU
	EndGlobalSection
	GlobalSection(SolutionProperties) = preSolution
		HideSolutionNode = FALSE
	EndGlobalSection
	GlobalSection(ExtensibilityGlobals) = postSolution
		SolutionGuid = {AA11F23B-591E-4B20-AF34-37EE60EDAE6B}
	EndGlobalSection
EndGlobal
